
Microsoft Visual Studio Solution File, Format Version 12.00
Project("{FAE04EC0-301F-11D3-BF4B-00C04F79EFBC}") = "FusionCacheTest", "FusionCacheTest.csproj", "{4962748D-F537-4DF3-9A13-4B6D8D363162}"
EndProject
Global
	GlobalSection(SolutionConfigurationPlatforms) = preSolution
		Debug|Any CPU = Debug|Any CPU
		Release|Any CPU = Release|Any CPU
	EndGlobalSection
	GlobalSection(ProjectConfigurationPlatforms) = postSolution
		{4962748D-F537-4DF3-9A13-4B6D8D363162}.Debug|Any CPU.ActiveCfg = Debug|Any CPU
		{4962748D-F537-4DF3-9A13-4B6D8D363162}.Debug|Any CPU.Build.0 = Debug|Any CPU
		{4962748D-F537-4DF3-9A13-4B6D8D363162}.Release|Any CPU.ActiveCfg = Release|Any CPU
		{4962748D-F537-4DF3-9A13-4B6D8D363162}.Release|Any CPU.Build.0 = Release|Any CPU
	EndGlobalSection
EndGlobal
